
Microsoft Visual Studio Solution File, Format Version 12.00
# Visual Studio Version 17
VisualStudioVersion = 17.8.34525.116
MinimumVisualStudioVersion = 10.0.40219.1
Project("{FAE04EC0-301F-11D3-BF4B-00C04F79EFBC}") = "ExampleClrTrigger", "ExampleClrTrigger\ExampleClrTrigger.csproj", "{BD892114-ED5F-44B8-86E5-08FF6E63F95B}"
EndProject
Project("{2150E333-8FDC-42A3-9474-1A3956D46DE8}") = "Solution Items", "Solution Items", "{10F82096-FAE3-4AA8-AE76-374267610725}"
EndProject
Project("{FAE04EC0-301F-11D3-BF4B-00C04F79EFBC}") = "DatabaseVersionControl", "DatabaseVersionControl\DatabaseVersionControl.csproj", "{FBC55FF3-1625-449F-ACE4-B6F0DB474C42}"
EndProject
Project("{FAE04EC0-301F-11D3-BF4B-00C04F79EFBC}") = "ExampleClrAggregate", "ExampleClrAggregate\ExampleClrAggregate.csproj", "{07CF903F-FAB9-4CC7-AB8C-93905B23A6D1}"
EndProject
Project("{FAE04EC0-301F-11D3-BF4B-00C04F79EFBC}") = "DelayedRowFunctionAssembly", "DelayedRowFunctionAssembly\DelayedRowFunctionAssembly.csproj", "{03DF5DCE-7C99-4897-A7A1-63965BBF1755}"
EndProject
Project("{FAE04EC0-301F-11D3-BF4B-00C04F79EFBC}") = "CorEncryption", "CorEncryption\CorEncryption.csproj", "{0FDB3306-BC05-40DC-9B0D-87866F9D977D}"
EndProject
Project("{FAE04EC0-301F-11D3-BF4B-00C04F79EFBC}") = "CreateTrustedAssemblyHash", "CreateTrustedAssemblyHash\CreateTrustedAssemblyHash.csproj", "{9BB976FA-A912-4D0D-ACCD-4F381955F2FE}"
EndProject
Global
	GlobalSection(SolutionConfigurationPlatforms) = preSolution
		Debug|Any CPU = Debug|Any CPU
		Release|Any CPU = Release|Any CPU
	EndGlobalSection
	GlobalSection(ProjectConfigurationPlatforms) = postSolution
		{BD892114-ED5F-44B8-86E5-08FF6E63F95B}.Debug|Any CPU.ActiveCfg = Debug|Any CPU
		{BD892114-ED5F-44B8-86E5-08FF6E63F95B}.Debug|Any CPU.Build.0 = Debug|Any CPU
		{BD892114-ED5F-44B8-86E5-08FF6E63F95B}.Release|Any CPU.ActiveCfg = Release|Any CPU
		{BD892114-ED5F-44B8-86E5-08FF6E63F95B}.Release|Any CPU.Build.0 = Release|Any CPU
		{FBC55FF3-1625-449F-ACE4-B6F0DB474C42}.Debug|Any CPU.ActiveCfg = Debug|Any CPU
		{FBC55FF3-1625-449F-ACE4-B6F0DB474C42}.Debug|Any CPU.Build.0 = Debug|Any CPU
		{FBC55FF3-1625-449F-ACE4-B6F0DB474C42}.Release|Any CPU.ActiveCfg = Release|Any CPU
		{FBC55FF3-1625-449F-ACE4-B6F0DB474C42}.Release|Any CPU.Build.0 = Release|Any CPU
		{07CF903F-FAB9-4CC7-AB8C-93905B23A6D1}.Debug|Any CPU.ActiveCfg = Debug|Any CPU
		{07CF903F-FAB9-4CC7-AB8C-93905B23A6D1}.Debug|Any CPU.Build.0 = Debug|Any CPU
		{07CF903F-FAB9-4CC7-AB8C-93905B23A6D1}.Release|Any CPU.ActiveCfg = Release|Any CPU
		{07CF903F-FAB9-4CC7-AB8C-93905B23A6D1}.Release|Any CPU.Build.0 = Release|Any CPU
		{03DF5DCE-7C99-4897-A7A1-63965BBF1755}.Debug|Any CPU.ActiveCfg = Debug|Any CPU
		{03DF5DCE-7C99-4897-A7A1-63965BBF1755}.Debug|Any CPU.Build.0 = Debug|Any CPU
		{03DF5DCE-7C99-4897-A7A1-63965BBF1755}.Release|Any CPU.ActiveCfg = Release|Any CPU
		{03DF5DCE-7C99-4897-A7A1-63965BBF1755}.Release|Any CPU.Build.0 = Release|Any CPU
		{0FDB3306-BC05-40DC-9B0D-87866F9D977D}.Debug|Any CPU.ActiveCfg = Debug|Any CPU
		{0FDB3306-BC05-40DC-9B0D-87866F9D977D}.Debug|Any CPU.Build.0 = Debug|Any CPU
		{0FDB3306-BC05-40DC-9B0D-87866F9D977D}.Release|Any CPU.ActiveCfg = Release|Any CPU
		{0FDB3306-BC05-40DC-9B0D-87866F9D977D}.Release|Any CPU.Build.0 = Release|Any CPU
		{9BB976FA-A912-4D0D-ACCD-4F381955F2FE}.Debug|Any CPU.ActiveCfg = Debug|Any CPU
		{9BB976FA-A912-4D0D-ACCD-4F381955F2FE}.Debug|Any CPU.Build.0 = Debug|Any CPU
		{9BB976FA-A912-4D0D-ACCD-4F381955F2FE}.Release|Any CPU.ActiveCfg = Release|Any CPU
		{9BB976FA-A912-4D0D-ACCD-4F381955F2FE}.Release|Any CPU.Build.0 = Release|Any CPU
	EndGlobalSection
	GlobalSection(SolutionProperties) = preSolution
		HideSolutionNode = FALSE
	EndGlobalSection
	GlobalSection(ExtensibilityGlobals) = postSolution
		SolutionGuid = {516B6224-9143-4DEC-8B75-B538810DC6EA}
	EndGlobalSection
EndGlobal
